
Microsoft Visual Studio Solution File, Format Version 12.00
# Visual Studio Version 17
VisualStudioVersion = 17.10.35201.131
MinimumVisualStudioVersion = 10.0.40219.1
Project("{FAE04EC0-301F-11D3-BF4B-00C04F79EFBC}") = "WebApplication1", "WebApplication1.csproj", "{2B685643-3E20-44D0-BB68-C668A8DEECC4}"
EndProject
Global
	GlobalSection(SolutionConfigurationPlatforms) = preSolution
		Debug|Any CPU = Debug|Any CPU
		Release|Any CPU = Release|Any CPU
	EndGlobalSection
	GlobalSection(ProjectConfigurationPlatforms) = postSolution
		{2B685643-3E20-44D0-BB68-C668A8DEECC4}.Debug|Any CPU.ActiveCfg = Debug|Any CPU
		{2B685643-3E20-44D0-BB68-C668A8DEECC4}.Debug|Any CPU.Build.0 = Debug|Any CPU
		{2B685643-3E20-44D0-BB68-C668A8DEECC4}.Release|Any CPU.ActiveCfg = Release|Any CPU
		{2B685643-3E20-44D0-BB68-C668A8DEECC4}.Release|Any CPU.Build.0 = Release|Any CPU
	EndGlobalSection
	GlobalSection(SolutionProperties) = preSolution
		HideSolutionNode = FALSE
	EndGlobalSection
	GlobalSection(ExtensibilityGlobals) = postSolution
		SolutionGuid = {B980BDE3-FF80-4D68-A892-DA3ACF95664F}
	EndGlobalSection
EndGlobal
